
Microsoft Visual Studio Solution File, Format Version 12.00
# Visual Studio 2012
Project("{FAE04EC0-301F-11D3-BF4B-00C04F79EFBC}") = "SimpleLoginSystem", "SimpleLoginSystem\SimpleLoginSystem.csproj", "{BB828A6F-91F9-4C70-8B94-2301BA819399}"
EndProject
Global
	GlobalSection(SolutionConfigurationPlatforms) = preSolution
		Debug|Any CPU = Debug|Any CPU
		Release|Any CPU = Release|Any CPU
	EndGlobalSection
	GlobalSection(ProjectConfigurationPlatforms) = postSolution
		{BB828A6F-91F9-4C70-8B94-2301BA819399}.Debug|Any CPU.ActiveCfg = Debug|Any CPU
		{BB828A6F-91F9-4C70-8B94-2301BA819399}.Debug|Any CPU.Build.0 = Debug|Any CPU
		{BB828A6F-91F9-4C70-8B94-2301BA819399}.Release|Any CPU.ActiveCfg = Release|Any CPU
		{BB828A6F-91F9-4C70-8B94-2301BA819399}.Release|Any CPU.Build.0 = Release|Any CPU
	EndGlobalSection
	GlobalSection(SolutionProperties) = preSolution
		HideSolutionNode = FALSE
	EndGlobalSection
EndGlobal
